# This file is generated by running "yarn install" inside your project.
# Manual changes might be lost - proceed with caution!

__metadata:
  version: 6
  cacheKey: 8

"csstype@npm:^3.1.0":
  version: 3.1.2
  resolution: "csstype@npm:3.1.2"
  checksum: e1a52e6c25c1314d6beef5168da704ab29c5186b877c07d822bd0806717d9a265e8493a2e35ca7e68d0f5d472d43fac1cdce70fd79fd0853dff81f3028d857b5
  languageName: node
  linkType: hard

"seroval@npm:^0.12.0":
  version: 0.12.3
  resolution: "seroval@npm:0.12.3"
  checksum: 84605fd3f0502626cb9af3afa8e0c795bbf374c87f53b03d87335b5bc68fb39e3f56a6240359c296034621a767c4c6929205b56d48f27bfc2cc436d9fd0fcec7
  languageName: node
  linkType: hard

"solid-js@npm:^1.8.5":
  version: 1.8.5
  resolution: "solid-js@npm:1.8.5"
  dependencies:
    csstype: ^3.1.0
    seroval: ^0.12.0
  checksum: 73e297b97f25fa5dc929bd75099ef3f2623e1efec315dcfd9963d1b4752173172ceb671e1596a84cbdb1477d329a5949c43fa59d0735b4eb662d5e0e4be21b52
  languageName: node
  linkType: hard

"solidjs-modal-context@workspace:.":
  version: 0.0.0-use.local
  resolution: "solidjs-modal-context@workspace:."
  dependencies:
    solid-js: ^1.8.5
  languageName: unknown
  linkType: soft
